{
  "name": "@luke-john/prosemirror-devtools-shared-utils",
  "version": "1.0.0",
  "lockfileVersion": 2,
  "requires": true,
  "packages": {
    "": {
      "name": "@luke-john/prosemirror-devtools-shared-utils",
      "version": "1.0.0",
      "license": "ISC",
      "devDependencies": {
        "typescript": "^4.3.5"
      }
    },
    "node_modules/typescript": {
      "version": "4.3.5",
      "resolved": "https://packages.atlassian.com/api/npm/npm-remote/typescript/-/typescript-4.3.5.tgz",
      "integrity": "sha1-TRw3zBbok5c8RaBohrcRMjTxGfQ=",
      "dev": true,
      "license": "Apache-2.0",
      "bin": {
        "tsc": "bin/tsc",
        "tsserver": "bin/tsserver"
      },
      "engines": {
        "node": ">=4.2.0"
      }
    }
  },
  "dependencies": {
    "typescript": {
      "version": "4.3.5",
      "resolved": "https://packages.atlassian.com/api/npm/npm-remote/typescript/-/typescript-4.3.5.tgz",
      "integrity": "sha1-TRw3zBbok5c8RaBohrcRMjTxGfQ=",
      "dev": true
    }
  }
}
