{
  "name": "@luke-john/prosemirror-devtools-plugin",
  "version": "1.0.0",
  "lockfileVersion": 2,
  "requires": true,
  "packages": {
    "": {
      "name": "@luke-john/prosemirror-devtools-plugin",
      "version": "1.0.0",
      "license": "ISC",
      "devDependencies": {
        "@types/prosemirror-commands": "^1.0.4",
        "@types/prosemirror-keymap": "^1.0.4",
        "@types/prosemirror-model": "^1.13.2",
        "@types/prosemirror-state": "^1.2.7",
        "@types/styled-components": "^5.1.11",
        "prosemirror-commands": "^1.1.10",
        "prosemirror-keymap": "^1.1.4",
        "prosemirror-schema-basic": "^1.1.2",
        "prosemirror-state": "^1.3.4",
        "prosemirror-view": "^1.18.7",
        "typescript": "^4.3.5"
      },
      "peerDependencies": {
        "prosemirror-state": "^1.3.4"
      }
    },
    "node_modules/@types/hoist-non-react-statics": {
      "version": "3.3.1",
      "resolved": "https://packages.atlassian.com/api/npm/npm-remote/@types/hoist-non-react-statics/-/hoist-non-react-statics-3.3.1.tgz",
      "integrity": "sha1-ESSq/lEYy1kZd66xzqrtEHDrA58=",
      "dev": true,
      "license": "MIT",
      "dependencies": {
        "@types/react": "*",
        "hoist-non-react-statics": "^3.3.0"
      }
    },
    "node_modules/@types/orderedmap": {
      "version": "1.0.0",
      "resolved": "https://packages.atlassian.com/api/npm/npm-remote/@types/orderedmap/-/orderedmap-1.0.0.tgz",
      "integrity": "sha1-gHRVoZK7pSy7tFFwRLyCvb+oxZY=",
      "dev": true,
      "license": "MIT"
    },
    "node_modules/@types/prop-types": {
      "version": "15.7.4",
      "resolved": "https://packages.atlassian.com/api/npm/npm-remote/@types/prop-types/-/prop-types-15.7.4.tgz",
      "integrity": "sha1-/PcgXCXf95Xuea8eMNosl5CAjxE=",
      "dev": true,
      "license": "MIT"
    },
    "node_modules/@types/prosemirror-commands": {
      "version": "1.0.4",
      "resolved": "https://packages.atlassian.com/api/npm/npm-remote/@types/prosemirror-commands/-/prosemirror-commands-1.0.4.tgz",
      "integrity": "sha1-0IVRQVEn2TrmLnI50w2wtecgjiI=",
      "dev": true,
      "license": "MIT",
      "dependencies": {
        "@types/prosemirror-model": "*",
        "@types/prosemirror-state": "*",
        "@types/prosemirror-view": "*"
      }
    },
    "node_modules/@types/prosemirror-keymap": {
      "version": "1.0.4",
      "resolved": "https://packages.atlassian.com/api/npm/npm-remote/@types/prosemirror-keymap/-/prosemirror-keymap-1.0.4.tgz",
      "integrity": "sha1-9zx5gQ6NDgog0VPYT5mPAuWvvAw=",
      "dev": true,
      "license": "MIT",
      "dependencies": {
        "@types/prosemirror-commands": "*",
        "@types/prosemirror-model": "*",
        "@types/prosemirror-state": "*",
        "@types/prosemirror-view": "*"
      }
    },
    "node_modules/@types/prosemirror-model": {
      "version": "1.13.2",
      "resolved": "https://packages.atlassian.com/api/npm/npm-remote/@types/prosemirror-model/-/prosemirror-model-1.13.2.tgz",
      "integrity": "sha1-KtrT7EePgyBPFV1/uUyd/eL8MpY=",
      "dev": true,
      "license": "MIT",
      "dependencies": {
        "@types/orderedmap": "*"
      }
    },
    "node_modules/@types/prosemirror-state": {
      "version": "1.2.7",
      "resolved": "https://packages.atlassian.com/api/npm/npm-remote/@types/prosemirror-state/-/prosemirror-state-1.2.7.tgz",
      "integrity": "sha1-zVUGLkBDox40JvR2aPHXA4tdjfs=",
      "dev": true,
      "license": "MIT",
      "dependencies": {
        "@types/prosemirror-model": "*",
        "@types/prosemirror-transform": "*",
        "@types/prosemirror-view": "*"
      }
    },
    "node_modules/@types/prosemirror-transform": {
      "version": "1.1.4",
      "resolved": "https://packages.atlassian.com/api/npm/npm-remote/@types/prosemirror-transform/-/prosemirror-transform-1.1.4.tgz",
      "integrity": "sha1-w1ZegbLvPOMlTmkn1vY+uNe7INA=",
      "dev": true,
      "license": "MIT",
      "dependencies": {
        "@types/prosemirror-model": "*"
      }
    },
    "node_modules/@types/prosemirror-view": {
      "version": "1.18.0",
      "resolved": "https://packages.atlassian.com/api/npm/npm-remote/@types/prosemirror-view/-/prosemirror-view-1.18.0.tgz",
      "integrity": "sha1-PsI/SPDY2f4pCpvUOpHOBiK+ybE=",
      "dev": true,
      "license": "MIT",
      "dependencies": {
        "@types/prosemirror-model": "*",
        "@types/prosemirror-state": "*",
        "@types/prosemirror-transform": "*"
      }
    },
    "node_modules/@types/react": {
      "version": "17.0.18",
      "resolved": "https://packages.atlassian.com/api/npm/npm-remote/@types/react/-/react-17.0.18.tgz",
      "integrity": "sha1-QQnLvZAb6VguXjnj13rNe2a7f74=",
      "dev": true,
      "license": "MIT",
      "dependencies": {
        "@types/prop-types": "*",
        "@types/scheduler": "*",
        "csstype": "^3.0.2"
      }
    },
    "node_modules/@types/scheduler": {
      "version": "0.16.2",
      "resolved": "https://packages.atlassian.com/api/npm/npm-remote/@types/scheduler/-/scheduler-0.16.2.tgz",
      "integrity": "sha1-GmL4lSVyPd4kuhsBsJK/XfitTTk=",
      "dev": true,
      "license": "MIT"
    },
    "node_modules/@types/styled-components": {
      "version": "5.1.12",
      "resolved": "https://packages.atlassian.com/api/npm/npm-remote/@types/styled-components/-/styled-components-5.1.12.tgz",
      "integrity": "sha1-GjZ5lCdGrezR5za/xHrqLJOKfZo=",
      "dev": true,
      "license": "MIT",
      "dependencies": {
        "@types/hoist-non-react-statics": "*",
        "@types/react": "*",
        "csstype": "^3.0.2"
      }
    },
    "node_modules/csstype": {
      "version": "3.0.8",
      "resolved": "https://packages.atlassian.com/api/npm/npm-remote/csstype/-/csstype-3.0.8.tgz",
      "integrity": "sha1-0iZqeScp+yJ80hb7Vy9Dco4a00A=",
      "dev": true,
      "license": "MIT"
    },
    "node_modules/hoist-non-react-statics": {
      "version": "3.3.2",
      "resolved": "https://packages.atlassian.com/api/npm/npm-remote/hoist-non-react-statics/-/hoist-non-react-statics-3.3.2.tgz",
      "integrity": "sha1-7OCsr3HWLClpwuxZ/v9CpLGoW0U=",
      "dev": true,
      "license": "BSD-3-Clause",
      "dependencies": {
        "react-is": "^16.7.0"
      }
    },
    "node_modules/orderedmap": {
      "version": "1.1.1",
      "resolved": "https://packages.atlassian.com/api/npm/npm-remote/orderedmap/-/orderedmap-1.1.1.tgz",
      "integrity": "sha1-xhjndhGzsh0P4+3JJYYmXgBZx4k=",
      "dev": true,
      "license": "MIT"
    },
    "node_modules/prosemirror-commands": {
      "version": "1.1.10",
      "resolved": "https://packages.atlassian.com/api/npm/npm-remote/prosemirror-commands/-/prosemirror-commands-1.1.10.tgz",
      "integrity": "sha1-QGpliZZubNgICc6i2AH7mYY5s30=",
      "dev": true,
      "license": "MIT",
      "dependencies": {
        "prosemirror-model": "^1.0.0",
        "prosemirror-state": "^1.0.0",
        "prosemirror-transform": "^1.0.0"
      }
    },
    "node_modules/prosemirror-keymap": {
      "version": "1.1.4",
      "resolved": "https://packages.atlassian.com/api/npm/npm-remote/prosemirror-keymap/-/prosemirror-keymap-1.1.4.tgz",
      "integrity": "sha1-i0gb+DiaWsQNONvWfsPaLH6sam0=",
      "dev": true,
      "license": "MIT",
      "dependencies": {
        "prosemirror-state": "^1.0.0",
        "w3c-keyname": "^2.2.0"
      }
    },
    "node_modules/prosemirror-model": {
      "version": "1.14.3",
      "resolved": "https://packages.atlassian.com/api/npm/npm-remote/prosemirror-model/-/prosemirror-model-1.14.3.tgz",
      "integrity": "sha1-qcJQ08QCPd8Q7LQaCnoTDpdB034=",
      "dev": true,
      "license": "MIT",
      "dependencies": {
        "orderedmap": "^1.1.0"
      }
    },
    "node_modules/prosemirror-schema-basic": {
      "version": "1.1.2",
      "resolved": "https://packages.atlassian.com/api/npm/npm-remote/prosemirror-schema-basic/-/prosemirror-schema-basic-1.1.2.tgz",
      "integrity": "sha1-S95cM5yEXg0I7I/kcwZONyylGuM=",
      "dev": true,
      "license": "MIT",
      "dependencies": {
        "prosemirror-model": "^1.2.0"
      }
    },
    "node_modules/prosemirror-state": {
      "version": "1.3.4",
      "resolved": "https://packages.atlassian.com/api/npm/npm-remote/prosemirror-state/-/prosemirror-state-1.3.4.tgz",
      "integrity": "sha1-TGtSYoIW51P8kBxtK/2EzhCeiVI=",
      "dev": true,
      "license": "MIT",
      "dependencies": {
        "prosemirror-model": "^1.0.0",
        "prosemirror-transform": "^1.0.0"
      }
    },
    "node_modules/prosemirror-transform": {
      "version": "1.3.2",
      "resolved": "https://packages.atlassian.com/api/npm/npm-remote/prosemirror-transform/-/prosemirror-transform-1.3.2.tgz",
      "integrity": "sha1-ViDr5zeeb65PNOzIgYhssizpZXk=",
      "dev": true,
      "license": "MIT",
      "dependencies": {
        "prosemirror-model": "^1.0.0"
      }
    },
    "node_modules/prosemirror-view": {
      "version": "1.19.1",
      "resolved": "https://packages.atlassian.com/api/npm/npm-remote/prosemirror-view/-/prosemirror-view-1.19.1.tgz",
      "integrity": "sha1-P+dHnChQHaaDSLMftioC9W1tlsg=",
      "dev": true,
      "license": "MIT",
      "dependencies": {
        "prosemirror-model": "^1.14.3",
        "prosemirror-state": "^1.0.0",
        "prosemirror-transform": "^1.1.0"
      }
    },
    "node_modules/react-is": {
      "version": "16.13.1",
      "resolved": "https://packages.atlassian.com/api/npm/npm-remote/react-is/-/react-is-16.13.1.tgz",
      "integrity": "sha1-eJcppNw23imZ3BVt1sHZwYzqVqQ=",
      "dev": true,
      "license": "MIT"
    },
    "node_modules/typescript": {
      "version": "4.3.5",
      "resolved": "https://packages.atlassian.com/api/npm/npm-remote/typescript/-/typescript-4.3.5.tgz",
      "integrity": "sha1-TRw3zBbok5c8RaBohrcRMjTxGfQ=",
      "dev": true,
      "license": "Apache-2.0",
      "bin": {
        "tsc": "bin/tsc",
        "tsserver": "bin/tsserver"
      },
      "engines": {
        "node": ">=4.2.0"
      }
    },
    "node_modules/w3c-keyname": {
      "version": "2.2.4",
      "resolved": "https://packages.atlassian.com/api/npm/npm-remote/w3c-keyname/-/w3c-keyname-2.2.4.tgz",
      "integrity": "sha1-St5pFvYpAiTNvR24rEnqsD0O72s=",
      "dev": true,
      "license": "MIT"
    }
  },
  "dependencies": {
    "@types/hoist-non-react-statics": {
      "version": "3.3.1",
      "resolved": "https://packages.atlassian.com/api/npm/npm-remote/@types/hoist-non-react-statics/-/hoist-non-react-statics-3.3.1.tgz",
      "integrity": "sha1-ESSq/lEYy1kZd66xzqrtEHDrA58=",
      "dev": true,
      "requires": {
        "@types/react": "*",
        "hoist-non-react-statics": "^3.3.0"
      }
    },
    "@types/orderedmap": {
      "version": "1.0.0",
      "resolved": "https://packages.atlassian.com/api/npm/npm-remote/@types/orderedmap/-/orderedmap-1.0.0.tgz",
      "integrity": "sha1-gHRVoZK7pSy7tFFwRLyCvb+oxZY=",
      "dev": true
    },
    "@types/prop-types": {
      "version": "15.7.4",
      "resolved": "https://packages.atlassian.com/api/npm/npm-remote/@types/prop-types/-/prop-types-15.7.4.tgz",
      "integrity": "sha1-/PcgXCXf95Xuea8eMNosl5CAjxE=",
      "dev": true
    },
    "@types/prosemirror-commands": {
      "version": "1.0.4",
      "resolved": "https://packages.atlassian.com/api/npm/npm-remote/@types/prosemirror-commands/-/prosemirror-commands-1.0.4.tgz",
      "integrity": "sha1-0IVRQVEn2TrmLnI50w2wtecgjiI=",
      "dev": true,
      "requires": {
        "@types/prosemirror-model": "*",
        "@types/prosemirror-state": "*",
        "@types/prosemirror-view": "*"
      }
    },
    "@types/prosemirror-keymap": {
      "version": "1.0.4",
      "resolved": "https://packages.atlassian.com/api/npm/npm-remote/@types/prosemirror-keymap/-/prosemirror-keymap-1.0.4.tgz",
      "integrity": "sha1-9zx5gQ6NDgog0VPYT5mPAuWvvAw=",
      "dev": true,
      "requires": {
        "@types/prosemirror-commands": "*",
        "@types/prosemirror-model": "*",
        "@types/prosemirror-state": "*",
        "@types/prosemirror-view": "*"
      }
    },
    "@types/prosemirror-model": {
      "version": "1.13.2",
      "resolved": "https://packages.atlassian.com/api/npm/npm-remote/@types/prosemirror-model/-/prosemirror-model-1.13.2.tgz",
      "integrity": "sha1-KtrT7EePgyBPFV1/uUyd/eL8MpY=",
      "dev": true,
      "requires": {
        "@types/orderedmap": "*"
      }
    },
    "@types/prosemirror-state": {
      "version": "1.2.7",
      "resolved": "https://packages.atlassian.com/api/npm/npm-remote/@types/prosemirror-state/-/prosemirror-state-1.2.7.tgz",
      "integrity": "sha1-zVUGLkBDox40JvR2aPHXA4tdjfs=",
      "dev": true,
      "requires": {
        "@types/prosemirror-model": "*",
        "@types/prosemirror-transform": "*",
        "@types/prosemirror-view": "*"
      }
    },
    "@types/prosemirror-transform": {
      "version": "1.1.4",
      "resolved": "https://packages.atlassian.com/api/npm/npm-remote/@types/prosemirror-transform/-/prosemirror-transform-1.1.4.tgz",
      "integrity": "sha1-w1ZegbLvPOMlTmkn1vY+uNe7INA=",
      "dev": true,
      "requires": {
        "@types/prosemirror-model": "*"
      }
    },
    "@types/prosemirror-view": {
      "version": "1.18.0",
      "resolved": "https://packages.atlassian.com/api/npm/npm-remote/@types/prosemirror-view/-/prosemirror-view-1.18.0.tgz",
      "integrity": "sha1-PsI/SPDY2f4pCpvUOpHOBiK+ybE=",
      "dev": true,
      "requires": {
        "@types/prosemirror-model": "*",
        "@types/prosemirror-state": "*",
        "@types/prosemirror-transform": "*"
      }
    },
    "@types/react": {
      "version": "17.0.18",
      "resolved": "https://packages.atlassian.com/api/npm/npm-remote/@types/react/-/react-17.0.18.tgz",
      "integrity": "sha1-QQnLvZAb6VguXjnj13rNe2a7f74=",
      "dev": true,
      "requires": {
        "@types/prop-types": "*",
        "@types/scheduler": "*",
        "csstype": "^3.0.2"
      }
    },
    "@types/scheduler": {
      "version": "0.16.2",
      "resolved": "https://packages.atlassian.com/api/npm/npm-remote/@types/scheduler/-/scheduler-0.16.2.tgz",
      "integrity": "sha1-GmL4lSVyPd4kuhsBsJK/XfitTTk=",
      "dev": true
    },
    "@types/styled-components": {
      "version": "5.1.12",
      "resolved": "https://packages.atlassian.com/api/npm/npm-remote/@types/styled-components/-/styled-components-5.1.12.tgz",
      "integrity": "sha1-GjZ5lCdGrezR5za/xHrqLJOKfZo=",
      "dev": true,
      "requires": {
        "@types/hoist-non-react-statics": "*",
        "@types/react": "*",
        "csstype": "^3.0.2"
      }
    },
    "csstype": {
      "version": "3.0.8",
      "resolved": "https://packages.atlassian.com/api/npm/npm-remote/csstype/-/csstype-3.0.8.tgz",
      "integrity": "sha1-0iZqeScp+yJ80hb7Vy9Dco4a00A=",
      "dev": true
    },
    "hoist-non-react-statics": {
      "version": "3.3.2",
      "resolved": "https://packages.atlassian.com/api/npm/npm-remote/hoist-non-react-statics/-/hoist-non-react-statics-3.3.2.tgz",
      "integrity": "sha1-7OCsr3HWLClpwuxZ/v9CpLGoW0U=",
      "dev": true,
      "requires": {
        "react-is": "^16.7.0"
      }
    },
    "orderedmap": {
      "version": "1.1.1",
      "resolved": "https://packages.atlassian.com/api/npm/npm-remote/orderedmap/-/orderedmap-1.1.1.tgz",
      "integrity": "sha1-xhjndhGzsh0P4+3JJYYmXgBZx4k=",
      "dev": true
    },
    "prosemirror-commands": {
      "version": "1.1.10",
      "resolved": "https://packages.atlassian.com/api/npm/npm-remote/prosemirror-commands/-/prosemirror-commands-1.1.10.tgz",
      "integrity": "sha1-QGpliZZubNgICc6i2AH7mYY5s30=",
      "dev": true,
      "requires": {
        "prosemirror-model": "^1.0.0",
        "prosemirror-state": "^1.0.0",
        "prosemirror-transform": "^1.0.0"
      }
    },
    "prosemirror-keymap": {
      "version": "1.1.4",
      "resolved": "https://packages.atlassian.com/api/npm/npm-remote/prosemirror-keymap/-/prosemirror-keymap-1.1.4.tgz",
      "integrity": "sha1-i0gb+DiaWsQNONvWfsPaLH6sam0=",
      "dev": true,
      "requires": {
        "prosemirror-state": "^1.0.0",
        "w3c-keyname": "^2.2.0"
      }
    },
    "prosemirror-model": {
      "version": "1.14.3",
      "resolved": "https://packages.atlassian.com/api/npm/npm-remote/prosemirror-model/-/prosemirror-model-1.14.3.tgz",
      "integrity": "sha1-qcJQ08QCPd8Q7LQaCnoTDpdB034=",
      "dev": true,
      "requires": {
        "orderedmap": "^1.1.0"
      }
    },
    "prosemirror-schema-basic": {
      "version": "1.1.2",
      "resolved": "https://packages.atlassian.com/api/npm/npm-remote/prosemirror-schema-basic/-/prosemirror-schema-basic-1.1.2.tgz",
      "integrity": "sha1-S95cM5yEXg0I7I/kcwZONyylGuM=",
      "dev": true,
      "requires": {
        "prosemirror-model": "^1.2.0"
      }
    },
    "prosemirror-state": {
      "version": "1.3.4",
      "resolved": "https://packages.atlassian.com/api/npm/npm-remote/prosemirror-state/-/prosemirror-state-1.3.4.tgz",
      "integrity": "sha1-TGtSYoIW51P8kBxtK/2EzhCeiVI=",
      "dev": true,
      "requires": {
        "prosemirror-model": "^1.0.0",
        "prosemirror-transform": "^1.0.0"
      }
    },
    "prosemirror-transform": {
      "version": "1.3.2",
      "resolved": "https://packages.atlassian.com/api/npm/npm-remote/prosemirror-transform/-/prosemirror-transform-1.3.2.tgz",
      "integrity": "sha1-ViDr5zeeb65PNOzIgYhssizpZXk=",
      "dev": true,
      "requires": {
        "prosemirror-model": "^1.0.0"
      }
    },
    "prosemirror-view": {
      "version": "1.19.1",
      "resolved": "https://packages.atlassian.com/api/npm/npm-remote/prosemirror-view/-/prosemirror-view-1.19.1.tgz",
      "integrity": "sha1-P+dHnChQHaaDSLMftioC9W1tlsg=",
      "dev": true,
      "requires": {
        "prosemirror-model": "^1.14.3",
        "prosemirror-state": "^1.0.0",
        "prosemirror-transform": "^1.1.0"
      }
    },
    "react-is": {
      "version": "16.13.1",
      "resolved": "https://packages.atlassian.com/api/npm/npm-remote/react-is/-/react-is-16.13.1.tgz",
      "integrity": "sha1-eJcppNw23imZ3BVt1sHZwYzqVqQ=",
      "dev": true
    },
    "typescript": {
      "version": "4.3.5",
      "resolved": "https://packages.atlassian.com/api/npm/npm-remote/typescript/-/typescript-4.3.5.tgz",
      "integrity": "sha1-TRw3zBbok5c8RaBohrcRMjTxGfQ=",
      "dev": true
    },
    "w3c-keyname": {
      "version": "2.2.4",
      "resolved": "https://packages.atlassian.com/api/npm/npm-remote/w3c-keyname/-/w3c-keyname-2.2.4.tgz",
      "integrity": "sha1-St5pFvYpAiTNvR24rEnqsD0O72s=",
      "dev": true
    }
  }
}
